<Solution>
  <Folder Name="/src/">
    <Project Path="src/RevendaPro.Global.Api/RevendaPro.Global.Api.csproj" />
    <Project Path="src/RevendaPro.Global.Application/RevendaPro.Global.Application.csproj" />
    <Project Path="src/RevendaPro.Global.Domain/RevendaPro.Global.Domain.csproj" />
    <Project Path="src/RevendaPro.Global.Infrastructure/RevendaPro.Global.Infrastructure.csproj" />
  </Folder>
  <Folder Name="/tests/">
    <Project Path="tests/RevendaPro.Global.ArchitectureTests/RevendaPro.Global.ArchitectureTests.csproj" />
    <Project Path="tests/RevendaPro.Global.UnitTests/RevendaPro.Global.UnitTests.csproj" />
  </Folder>
</Solution>
